{
  "name": "my-vue-app",
  "version": "0.0.0",
  "lockfileVersion": 2,
  "requires": true,
  "packages": {
    "": {
      "version": "0.0.0",
      "dependencies": {
        "vue": "^3.0.5"
      },
      "devDependencies": {
        "@vitejs/plugin-vue": "^1.2.3",
        "@vue/compiler-sfc": "^3.0.5",
        "sass": "^1.34.1",
        "vite": "^2.3.5"
      }
    },
    "node_modules/@babel/helper-validator-identifier": {
      "version": "7.14.0",
      "resolved": "http://39.106.145.141:9000/repository/node-public/@babel/helper-validator-identifier/-/helper-validator-identifier-7.14.0.tgz",
      "integrity": "sha1-0mytikfGUoaxXfFUcxml0Lzycog=",
      "license": "MIT"
    },
    "node_modules/@babel/parser": {
      "version": "7.14.4",
      "resolved": "http://39.106.145.141:9000/repository/node-public/@babel/parser/-/parser-7.14.4.tgz",
      "integrity": "sha1-pcVg1tts2ObtNCNo3qgDkjLLqxg=",
      "license": "MIT",
      "bin": {
        "parser": "bin/babel-parser.js"
      },
      "engines": {
        "node": ">=6.0.0"
      }
    },
    "node_modules/@babel/types": {
      "version": "7.14.4",
      "resolved": "http://39.106.145.141:9000/repository/node-public/@babel/types/-/types-7.14.4.tgz",
      "integrity": "sha1-v9aYAQgWhZOziz60iiSqAmuRm8A=",
      "license": "MIT",
      "dependencies": {
        "@babel/helper-validator-identifier": "^7.14.0",
        "to-fast-properties": "^2.0.0"
      }
    },
    "node_modules/@vitejs/plugin-vue": {
      "version": "1.2.3",
      "resolved": "http://39.106.145.141:9000/repository/node-public/@vitejs/plugin-vue/-/plugin-vue-1.2.3.tgz",
      "integrity": "sha1-Lo4AixzDpq0d++x1dDx//ZtIcqY=",
      "dev": true,
      "license": "MIT",
      "engines": {
        "node": ">=12.0.0"
      },
      "peerDependencies": {
        "@vue/compiler-sfc": "^3.0.8"
      }
    },
    "node_modules/@vue/compiler-core": {
      "version": "3.0.11",
      "resolved": "http://39.106.145.141:9000/repository/node-public/@vue/compiler-core/-/compiler-core-3.0.11.tgz",
      "integrity": "sha1-XvV55G17M2uHNSKHWNHCxQWq5po=",
      "license": "MIT",
      "dependencies": {
        "@babel/parser": "^7.12.0",
        "@babel/types": "^7.12.0",
        "@vue/shared": "3.0.11",
        "estree-walker": "^2.0.1",
        "source-map": "^0.6.1"
      }
    },
    "node_modules/@vue/compiler-dom": {
      "version": "3.0.11",
      "resolved": "http://39.106.145.141:9000/repository/node-public/@vue/compiler-dom/-/compiler-dom-3.0.11.tgz",
      "integrity": "sha1-sV/ByQk3H9ZxdGAgulW12rSnMO4=",
      "license": "MIT",
      "dependencies": {
        "@vue/compiler-core": "3.0.11",
        "@vue/shared": "3.0.11"
      }
    },
    "node_modules/@vue/compiler-sfc": {
      "version": "3.0.11",
      "resolved": "http://39.106.145.141:9000/repository/node-public/@vue/compiler-sfc/-/compiler-sfc-3.0.11.tgz",
      "integrity": "sha1-zYyiFUuIlntSH1rTsQ9fi2tmVnk=",
      "dev": true,
      "license": "MIT",
      "dependencies": {
        "@babel/parser": "^7.13.9",
        "@babel/types": "^7.13.0",
        "@vue/compiler-core": "3.0.11",
        "@vue/compiler-dom": "3.0.11",
        "@vue/compiler-ssr": "3.0.11",
        "@vue/shared": "3.0.11",
        "consolidate": "^0.16.0",
        "estree-walker": "^2.0.1",
        "hash-sum": "^2.0.0",
        "lru-cache": "^5.1.1",
        "magic-string": "^0.25.7",
        "merge-source-map": "^1.1.0",
        "postcss": "^8.1.10",
        "postcss-modules": "^4.0.0",
        "postcss-selector-parser": "^6.0.4",
        "source-map": "^0.6.1"
      },
      "peerDependencies": {
        "vue": "3.0.11"
      }
    },
    "node_modules/@vue/compiler-ssr": {
      "version": "3.0.11",
      "resolved": "http://39.106.145.141:9000/repository/node-public/@vue/compiler-ssr/-/compiler-ssr-3.0.11.tgz",
      "integrity": "sha1-rFoF/RJXQS+mYHnII9ggO2qImhM=",
      "dev": true,
      "license": "MIT",
      "dependencies": {
        "@vue/compiler-dom": "3.0.11",
        "@vue/shared": "3.0.11"
      }
    },
    "node_modules/@vue/reactivity": {
      "version": "3.0.11",
      "resolved": "http://39.106.145.141:9000/repository/node-public/@vue/reactivity/-/reactivity-3.0.11.tgz",
      "integrity": "sha1-B7WINJ/QViaxfzUAy+99S9tNvQs=",
      "license": "MIT",
      "dependencies": {
        "@vue/shared": "3.0.11"
      }
    },
    "node_modules/@vue/runtime-core": {
      "version": "3.0.11",
      "resolved": "http://39.106.145.141:9000/repository/node-public/@vue/runtime-core/-/runtime-core-3.0.11.tgz",
      "integrity": "sha1-xS38as8yFUk2I1UsHCkZCAxWLkQ=",
      "license": "MIT",
      "dependencies": {
        "@vue/reactivity": "3.0.11",
        "@vue/shared": "3.0.11"
      }
    },
    "node_modules/@vue/runtime-dom": {
      "version": "3.0.11",
      "resolved": "http://39.106.145.141:9000/repository/node-public/@vue/runtime-dom/-/runtime-dom-3.0.11.tgz",
      "integrity": "sha1-elUt8hkHlCch/raWHEGOIippkzc=",
      "license": "MIT",
      "dependencies": {
        "@vue/runtime-core": "3.0.11",
        "@vue/shared": "3.0.11",
        "csstype": "^2.6.8"
      }
    },
    "node_modules/@vue/shared": {
      "version": "3.0.11",
      "resolved": "http://39.106.145.141:9000/repository/node-public/@vue/shared/-/shared-3.0.11.tgz",
      "integrity": "sha1-INIt0Np9NYuyHBf5vehigVJkLHc=",
      "license": "MIT"
    },
    "node_modules/anymatch": {
      "version": "3.1.2",
      "resolved": "http://39.106.145.141:9000/repository/node-public/anymatch/-/anymatch-3.1.2.tgz",
      "integrity": "sha1-wFV8CWrzLxBhmPT04qODU343hxY=",
      "dev": true,
      "license": "ISC",
      "dependencies": {
        "normalize-path": "^3.0.0",
        "picomatch": "^2.0.4"
      },
      "engines": {
        "node": ">= 8"
      }
    },
    "node_modules/big.js": {
      "version": "5.2.2",
      "resolved": "http://39.106.145.141:9000/repository/node-public/big.js/-/big.js-5.2.2.tgz",
      "integrity": "sha1-ZfCvOC9Xi83HQr2cKB6cstd2gyg=",
      "dev": true,
      "license": "MIT",
      "engines": {
        "node": "*"
      }
    },
    "node_modules/binary-extensions": {
      "version": "2.2.0",
      "resolved": "http://39.106.145.141:9000/repository/node-public/binary-extensions/-/binary-extensions-2.2.0.tgz",
      "integrity": "sha1-dfUC7q+f/eQvyYgpZFvk6na9ni0=",
      "dev": true,
      "license": "MIT",
      "engines": {
        "node": ">=8"
      }
    },
    "node_modules/bluebird": {
      "version": "3.7.2",
      "resolved": "http://39.106.145.141:9000/repository/node-public/bluebird/-/bluebird-3.7.2.tgz",
      "integrity": "sha1-nyKcFb4nJFT/qXOs4NvueaGww28=",
      "dev": true,
      "license": "MIT"
    },
    "node_modules/braces": {
      "version": "3.0.2",
      "resolved": "http://39.106.145.141:9000/repository/node-public/braces/-/braces-3.0.2.tgz",
      "integrity": "sha1-NFThpGLujVmeI23zNs2epPiv4Qc=",
      "dev": true,
      "license": "MIT",
      "dependencies": {
        "fill-range": "^7.0.1"
      },
      "engines": {
        "node": ">=8"
      }
    },
    "node_modules/chokidar": {
      "version": "3.5.1",
      "resolved": "http://39.106.145.141:9000/repository/node-public/chokidar/-/chokidar-3.5.1.tgz",
      "integrity": "sha1-7pznu+vSt59J8wR5nVRo4x4U5oo=",
      "dev": true,
      "license": "MIT",
      "dependencies": {
        "anymatch": "~3.1.1",
        "braces": "~3.0.2",
        "glob-parent": "~5.1.0",
        "is-binary-path": "~2.1.0",
        "is-glob": "~4.0.1",
        "normalize-path": "~3.0.0",
        "readdirp": "~3.5.0"
      },
      "engines": {
        "node": ">= 8.10.0"
      },
      "optionalDependencies": {
        "fsevents": "~2.3.1"
      }
    },
    "node_modules/colorette": {
      "version": "1.2.2",
      "resolved": "http://39.106.145.141:9000/repository/node-public/colorette/-/colorette-1.2.2.tgz",
      "integrity": "sha1-y8x51emcrqLb8Q6zom/Ys+as+pQ=",
      "dev": true,
      "license": "MIT"
    },
    "node_modules/consolidate": {
      "version": "0.16.0",
      "resolved": "http://39.106.145.141:9000/repository/node-public/consolidate/-/consolidate-0.16.0.tgz",
      "integrity": "sha1-oRhkdokw8vGUMWYKZZBmaPX73BY=",
      "dev": true,
      "license": "MIT",
      "dependencies": {
        "bluebird": "^3.7.2"
      },
      "engines": {
        "node": ">= 0.10.0"
      }
    },
    "node_modules/cssesc": {
      "version": "3.0.0",
      "resolved": "http://39.106.145.141:9000/repository/node-public/cssesc/-/cssesc-3.0.0.tgz",
      "integrity": "sha1-N3QZGZA7hoVl4cCep0dEXNGJg+4=",
      "dev": true,
      "license": "MIT",
      "bin": {
        "cssesc": "bin/cssesc"
      },
      "engines": {
        "node": ">=4"
      }
    },
    "node_modules/csstype": {
      "version": "2.6.17",
      "resolved": "http://39.106.145.141:9000/repository/node-public/csstype/-/csstype-2.6.17.tgz",
      "integrity": "sha1-TPMOuH4dGgBdi2UQ+VKSQT9qHA4=",
      "license": "MIT"
    },
    "node_modules/emojis-list": {
      "version": "3.0.0",
      "resolved": "http://39.106.145.141:9000/repository/node-public/emojis-list/-/emojis-list-3.0.0.tgz",
      "integrity": "sha1-VXBmIEatKeLpFucariYKvf9Pang=",
      "dev": true,
      "license": "MIT",
      "engines": {
        "node": ">= 4"
      }
    },
    "node_modules/esbuild": {
      "version": "0.12.6",
      "resolved": "http://39.106.145.141:9000/repository/node-public/esbuild/-/esbuild-0.12.6.tgz",
      "integrity": "sha1-hbx1XHzzAF1PNLTxD5gEnODuZ84=",
      "dev": true,
      "hasInstallScript": true,
      "license": "MIT",
      "bin": {
        "esbuild": "bin/esbuild"
      }
    },
    "node_modules/estree-walker": {
      "version": "2.0.2",
      "resolved": "http://39.106.145.141:9000/repository/node-public/estree-walker/-/estree-walker-2.0.2.tgz",
      "integrity": "sha1-UvAQF4wqTBF6d1fP6UKtt9LaTKw=",
      "license": "MIT"
    },
    "node_modules/fill-range": {
      "version": "7.0.1",
      "resolved": "http://39.106.145.141:9000/repository/node-public/fill-range/-/fill-range-7.0.1.tgz",
      "integrity": "sha1-GRmmp8df44ssfHflGYU12prN2kA=",
      "dev": true,
      "license": "MIT",
      "dependencies": {
        "to-regex-range": "^5.0.1"
      },
      "engines": {
        "node": ">=8"
      }
    },
    "node_modules/fsevents": {
      "version": "2.3.2",
      "resolved": "http://39.106.145.141:9000/repository/node-public/fsevents/-/fsevents-2.3.2.tgz",
      "integrity": "sha1-ilJveLj99GI7cJ4Ll1xSwkwC/Ro=",
      "dev": true,
      "hasInstallScript": true,
      "license": "MIT",
      "optional": true,
      "os": [
        "darwin"
      ],
      "engines": {
        "node": "^8.16.0 || ^10.6.0 || >=11.0.0"
      }
    },
    "node_modules/function-bind": {
      "version": "1.1.1",
      "resolved": "http://39.106.145.141:9000/repository/node-public/function-bind/-/function-bind-1.1.1.tgz",
      "integrity": "sha1-pWiZ0+o8m6uHS7l3O3xe3pL0iV0=",
      "dev": true,
      "license": "MIT"
    },
    "node_modules/generic-names": {
      "version": "2.0.1",
      "resolved": "http://39.106.145.141:9000/repository/node-public/generic-names/-/generic-names-2.0.1.tgz",
      "integrity": "sha1-+KN46tLMqno08DF7BVVIMq5BuHI=",
      "dev": true,
      "license": "MIT",
      "dependencies": {
        "loader-utils": "^1.1.0"
      }
    },
    "node_modules/glob-parent": {
      "version": "5.1.2",
      "resolved": "http://39.106.145.141:9000/repository/node-public/glob-parent/-/glob-parent-5.1.2.tgz",
      "integrity": "sha1-hpgyxYA0/mikCTwX3BXoNA2EAcQ=",
      "dev": true,
      "license": "ISC",
      "dependencies": {
        "is-glob": "^4.0.1"
      },
      "engines": {
        "node": ">= 6"
      }
    },
    "node_modules/has": {
      "version": "1.0.3",
      "resolved": "http://39.106.145.141:9000/repository/node-public/has/-/has-1.0.3.tgz",
      "integrity": "sha1-ci18v8H2qoJB8W3YFOAR4fQeh5Y=",
      "dev": true,
      "license": "MIT",
      "dependencies": {
        "function-bind": "^1.1.1"
      },
      "engines": {
        "node": ">= 0.4.0"
      }
    },
    "node_modules/hash-sum": {
      "version": "2.0.0",
      "resolved": "http://39.106.145.141:9000/repository/node-public/hash-sum/-/hash-sum-2.0.0.tgz",
      "integrity": "sha1-gdAbtd6OpKIUrV1urRtSNGCwtFo=",
      "dev": true,
      "license": "MIT"
    },
    "node_modules/icss-replace-symbols": {
      "version": "1.1.0",
      "resolved": "http://39.106.145.141:9000/repository/node-public/icss-replace-symbols/-/icss-replace-symbols-1.1.0.tgz",
      "integrity": "sha1-Bupvg2ead0njhs/h/oEq5dsiPe0=",
      "dev": true,
      "license": "ISC"
    },
    "node_modules/icss-utils": {
      "version": "5.1.0",
      "resolved": "http://39.106.145.141:9000/repository/node-public/icss-utils/-/icss-utils-5.1.0.tgz",
      "integrity": "sha1-xr5oWKvQE9do6YNmrkfiXViHsa4=",
      "dev": true,
      "license": "ISC",
      "engines": {
        "node": "^10 || ^12 || >= 14"
      },
      "peerDependencies": {
        "postcss": "^8.1.0"
      }
    },
    "node_modules/is-binary-path": {
      "version": "2.1.0",
      "resolved": "http://39.106.145.141:9000/repository/node-public/is-binary-path/-/is-binary-path-2.1.0.tgz",
      "integrity": "sha1-6h9/O4DwZCNug0cPhsCcJU+0Wwk=",
      "dev": true,
      "license": "MIT",
      "dependencies": {
        "binary-extensions": "^2.0.0"
      },
      "engines": {
        "node": ">=8"
      }
    },
    "node_modules/is-core-module": {
      "version": "2.4.0",
      "resolved": "http://39.106.145.141:9000/repository/node-public/is-core-module/-/is-core-module-2.4.0.tgz",
      "integrity": "sha1-jp/I4VAnsBFBgCbpjw5vTYYwXME=",
      "dev": true,
      "license": "MIT",
      "dependencies": {
        "has": "^1.0.3"
      },
      "funding": {
        "url": "https://github.com/sponsors/ljharb"
      }
    },
    "node_modules/is-extglob": {
      "version": "2.1.1",
      "resolved": "http://39.106.145.141:9000/repository/node-public/is-extglob/-/is-extglob-2.1.1.tgz",
      "integrity": "sha1-qIwCU1eR8C7TfHahueqXc8gz+MI=",
      "dev": true,
      "license": "MIT",
      "engines": {
        "node": ">=0.10.0"
      }
    },
    "node_modules/is-glob": {
      "version": "4.0.1",
      "resolved": "http://39.106.145.141:9000/repository/node-public/is-glob/-/is-glob-4.0.1.tgz",
      "integrity": "sha1-dWfb6fL14kZ7x3q4PEopSCQHpdw=",
      "dev": true,
      "license": "MIT",
      "dependencies": {
        "is-extglob": "^2.1.1"
      },
      "engines": {
        "node": ">=0.10.0"
      }
    },
    "node_modules/is-number": {
      "version": "7.0.0",
      "resolved": "http://39.106.145.141:9000/repository/node-public/is-number/-/is-number-7.0.0.tgz",
      "integrity": "sha1-dTU0W4lnNNX4DE0GxQlVUnoU8Ss=",
      "dev": true,
      "license": "MIT",
      "engines": {
        "node": ">=0.12.0"
      }
    },
    "node_modules/json5": {
      "version": "1.0.1",
      "resolved": "http://39.106.145.141:9000/repository/node-public/json5/-/json5-1.0.1.tgz",
      "integrity": "sha1-d5+wAYYE+oVOrL9iUhgNg1Q+Pb4=",
      "dev": true,
      "license": "MIT",
      "dependencies": {
        "minimist": "^1.2.0"
      },
      "bin": {
        "json5": "lib/cli.js"
      }
    },
    "node_modules/loader-utils": {
      "version": "1.4.0",
      "resolved": "http://39.106.145.141:9000/repository/node-public/loader-utils/-/loader-utils-1.4.0.tgz",
      "integrity": "sha1-xXm140yzSxp07cbB+za/o3HVphM=",
      "dev": true,
      "license": "MIT",
      "dependencies": {
        "big.js": "^5.2.2",
        "emojis-list": "^3.0.0",
        "json5": "^1.0.1"
      },
      "engines": {
        "node": ">=4.0.0"
      }
    },
    "node_modules/lodash.camelcase": {
      "version": "4.3.0",
      "resolved": "http://39.106.145.141:9000/repository/node-public/lodash.camelcase/-/lodash.camelcase-4.3.0.tgz",
      "integrity": "sha1-soqmKIorn8ZRA1x3EfZathkDMaY=",
      "dev": true,
      "license": "MIT"
    },
    "node_modules/lru-cache": {
      "version": "5.1.1",
      "resolved": "http://39.106.145.141:9000/repository/node-public/lru-cache/-/lru-cache-5.1.1.tgz",
      "integrity": "sha1-HaJ+ZxAnGUdpXa9oSOhH8B2EuSA=",
      "dev": true,
      "license": "ISC",
      "dependencies": {
        "yallist": "^3.0.2"
      }
    },
    "node_modules/magic-string": {
      "version": "0.25.7",
      "resolved": "http://39.106.145.141:9000/repository/node-public/magic-string/-/magic-string-0.25.7.tgz",
      "integrity": "sha1-P0l9b9NMZpxnmNy4IfLvMfVEUFE=",
      "dev": true,
      "license": "MIT",
      "dependencies": {
        "sourcemap-codec": "^1.4.4"
      }
    },
    "node_modules/merge-source-map": {
      "version": "1.1.0",
      "resolved": "http://39.106.145.141:9000/repository/node-public/merge-source-map/-/merge-source-map-1.1.0.tgz",
      "integrity": "sha1-L93n5gIJOfcJBqaPLXrmheTIxkY=",
      "dev": true,
      "license": "MIT",
      "dependencies": {
        "source-map": "^0.6.1"
      }
    },
    "node_modules/minimist": {
      "version": "1.2.5",
      "resolved": "http://39.106.145.141:9000/repository/node-public/minimist/-/minimist-1.2.5.tgz",
      "integrity": "sha1-Z9ZgFLZqaoqqDAg8X9WN9OTpdgI=",
      "dev": true,
      "license": "MIT"
    },
    "node_modules/nanoid": {
      "version": "3.1.23",
      "resolved": "http://39.106.145.141:9000/repository/node-public/nanoid/-/nanoid-3.1.23.tgz",
      "integrity": "sha1-90QIbOfCvEfuCoRyV01ceOQYOoE=",
      "dev": true,
      "license": "MIT",
      "bin": {
        "nanoid": "bin/nanoid.cjs"
      },
      "engines": {
        "node": "^10 || ^12 || ^13.7 || ^14 || >=15.0.1"
      }
    },
    "node_modules/normalize-path": {
      "version": "3.0.0",
      "resolved": "http://39.106.145.141:9000/repository/node-public/normalize-path/-/normalize-path-3.0.0.tgz",
      "integrity": "sha1-Dc1p/yOhybEf0JeDFmRKA4ghamU=",
      "dev": true,
      "license": "MIT",
      "engines": {
        "node": ">=0.10.0"
      }
    },
    "node_modules/path-parse": {
      "version": "1.0.7",
      "resolved": "http://39.106.145.141:9000/repository/node-public/path-parse/-/path-parse-1.0.7.tgz",
      "integrity": "sha1-+8EUtgykKzDZ2vWFjkvWi77bZzU=",
      "dev": true,
      "license": "MIT"
    },
    "node_modules/picomatch": {
      "version": "2.3.0",
      "resolved": "http://39.106.145.141:9000/repository/node-public/picomatch/-/picomatch-2.3.0.tgz",
      "integrity": "sha1-8fBh3o9qS/AiiS4tEoI0+5gwKXI=",
      "dev": true,
      "license": "MIT",
      "engines": {
        "node": ">=8.6"
      },
      "funding": {
        "url": "https://github.com/sponsors/jonschlinkert"
      }
    },
    "node_modules/postcss": {
      "version": "8.3.0",
      "resolved": "http://39.106.145.141:9000/repository/node-public/postcss/-/postcss-8.3.0.tgz",
      "integrity": "sha1-sacT9hcspCfj8F7xMD3otlaDMl8=",
      "dev": true,
      "license": "MIT",
      "dependencies": {
        "colorette": "^1.2.2",
        "nanoid": "^3.1.23",
        "source-map-js": "^0.6.2"
      },
      "engines": {
        "node": "^10 || ^12 || >=14"
      },
      "funding": {
        "type": "opencollective",
        "url": "https://opencollective.com/postcss/"
      }
    },
    "node_modules/postcss-modules": {
      "version": "4.1.3",
      "resolved": "http://39.106.145.141:9000/repository/node-public/postcss-modules/-/postcss-modules-4.1.3.tgz",
      "integrity": "sha1-xMTEHZjZfSTHDojaz8l69aSz4h0=",
      "dev": true,
      "license": "MIT",
      "dependencies": {
        "generic-names": "^2.0.1",
        "icss-replace-symbols": "^1.1.0",
        "lodash.camelcase": "^4.3.0",
        "postcss-modules-extract-imports": "^3.0.0",
        "postcss-modules-local-by-default": "^4.0.0",
        "postcss-modules-scope": "^3.0.0",
        "postcss-modules-values": "^4.0.0",
        "string-hash": "^1.1.1"
      },
      "peerDependencies": {
        "postcss": "^8.0.0"
      }
    },
    "node_modules/postcss-modules-extract-imports": {
      "version": "3.0.0",
      "resolved": "http://39.106.145.141:9000/repository/node-public/postcss-modules-extract-imports/-/postcss-modules-extract-imports-3.0.0.tgz",
      "integrity": "sha1-zaHwR8CugMl9vijD52pDuIAldB0=",
      "dev": true,
      "license": "ISC",
      "engines": {
        "node": "^10 || ^12 || >= 14"
      },
      "peerDependencies": {
        "postcss": "^8.1.0"
      }
    },
    "node_modules/postcss-modules-local-by-default": {
      "version": "4.0.0",
      "resolved": "http://39.106.145.141:9000/repository/node-public/postcss-modules-local-by-default/-/postcss-modules-local-by-default-4.0.0.tgz",
      "integrity": "sha1-67tU+uFZjuz99pGgKz/zs5ClpRw=",
      "dev": true,
      "license": "MIT",
      "dependencies": {
        "icss-utils": "^5.0.0",
        "postcss-selector-parser": "^6.0.2",
        "postcss-value-parser": "^4.1.0"
      },
      "engines": {
        "node": "^10 || ^12 || >= 14"
      },
      "peerDependencies": {
        "postcss": "^8.1.0"
      }
    },
    "node_modules/postcss-modules-scope": {
      "version": "3.0.0",
      "resolved": "http://39.106.145.141:9000/repository/node-public/postcss-modules-scope/-/postcss-modules-scope-3.0.0.tgz",
      "integrity": "sha1-nvMVFFbTu/oSDKRImN/Kby+gHwY=",
      "dev": true,
      "license": "ISC",
      "dependencies": {
        "postcss-selector-parser": "^6.0.4"
      },
      "engines": {
        "node": "^10 || ^12 || >= 14"
      },
      "peerDependencies": {
        "postcss": "^8.1.0"
      }
    },
    "node_modules/postcss-modules-values": {
      "version": "4.0.0",
      "resolved": "http://39.106.145.141:9000/repository/node-public/postcss-modules-values/-/postcss-modules-values-4.0.0.tgz",
      "integrity": "sha1-18Xn5ow7s8myfL9Iyguz/7RgLJw=",
      "dev": true,
      "license": "ISC",
      "dependencies": {
        "icss-utils": "^5.0.0"
      },
      "engines": {
        "node": "^10 || ^12 || >= 14"
      },
      "peerDependencies": {
        "postcss": "^8.1.0"
      }
    },
    "node_modules/postcss-selector-parser": {
      "version": "6.0.6",
      "resolved": "http://39.106.145.141:9000/repository/node-public/postcss-selector-parser/-/postcss-selector-parser-6.0.6.tgz",
      "integrity": "sha1-LFu6gXSsL2mBq2MaQqsO5UrzMuo=",
      "dev": true,
      "license": "MIT",
      "dependencies": {
        "cssesc": "^3.0.0",
        "util-deprecate": "^1.0.2"
      },
      "engines": {
        "node": ">=4"
      }
    },
    "node_modules/postcss-value-parser": {
      "version": "4.1.0",
      "resolved": "http://39.106.145.141:9000/repository/node-public/postcss-value-parser/-/postcss-value-parser-4.1.0.tgz",
      "integrity": "sha1-RD9qIM7WSBor2k+oUypuVdeJoss=",
      "dev": true,
      "license": "MIT"
    },
    "node_modules/readdirp": {
      "version": "3.5.0",
      "resolved": "http://39.106.145.141:9000/repository/node-public/readdirp/-/readdirp-3.5.0.tgz",
      "integrity": "sha1-m6dMAZsV02UnjS6Ru4xI17TULJ4=",
      "dev": true,
      "license": "MIT",
      "dependencies": {
        "picomatch": "^2.2.1"
      },
      "engines": {
        "node": ">=8.10.0"
      }
    },
    "node_modules/resolve": {
      "version": "1.20.0",
      "resolved": "http://39.106.145.141:9000/repository/node-public/resolve/-/resolve-1.20.0.tgz",
      "integrity": "sha1-YpoBP7P3B1XW8LeTXMHCxTeLGXU=",
      "dev": true,
      "license": "MIT",
      "dependencies": {
        "is-core-module": "^2.2.0",
        "path-parse": "^1.0.6"
      },
      "funding": {
        "url": "https://github.com/sponsors/ljharb"
      }
    },
    "node_modules/rollup": {
      "version": "2.51.0",
      "resolved": "http://39.106.145.141:9000/repository/node-public/rollup/-/rollup-2.51.0.tgz",
      "integrity": "sha1-/9hHiCKDmY/IYRzVevkX8XO0q1w=",
      "dev": true,
      "license": "MIT",
      "bin": {
        "rollup": "dist/bin/rollup"
      },
      "engines": {
        "node": ">=10.0.0"
      },
      "optionalDependencies": {
        "fsevents": "~2.3.1"
      }
    },
    "node_modules/sass": {
      "version": "1.34.1",
      "resolved": "http://39.106.145.141:9000/repository/node-public/sass/-/sass-1.34.1.tgz",
      "integrity": "sha1-MPRcYGxIPUe2NPHnNx4T/3c8lu8=",
      "dev": true,
      "license": "MIT",
      "dependencies": {
        "chokidar": ">=3.0.0 <4.0.0"
      },
      "bin": {
        "sass": "sass.js"
      },
      "engines": {
        "node": ">=8.9.0"
      }
    },
    "node_modules/source-map": {
      "version": "0.6.1",
      "resolved": "http://39.106.145.141:9000/repository/node-public/source-map/-/source-map-0.6.1.tgz",
      "integrity": "sha1-dHIq8y6WFOnCh6jQu95IteLxomM=",
      "license": "BSD-3-Clause",
      "engines": {
        "node": ">=0.10.0"
      }
    },
    "node_modules/source-map-js": {
      "version": "0.6.2",
      "resolved": "http://39.106.145.141:9000/repository/node-public/source-map-js/-/source-map-js-0.6.2.tgz",
      "integrity": "sha1-C7XeYxtBz72mz7qL0FqA79/SOF4=",
      "dev": true,
      "license": "BSD-3-Clause",
      "engines": {
        "node": ">=0.10.0"
      }
    },
    "node_modules/sourcemap-codec": {
      "version": "1.4.8",
      "resolved": "http://39.106.145.141:9000/repository/node-public/sourcemap-codec/-/sourcemap-codec-1.4.8.tgz",
      "integrity": "sha1-6oBL2UhXQC5pktBaOO8a41qatMQ=",
      "dev": true,
      "license": "MIT"
    },
    "node_modules/string-hash": {
      "version": "1.1.3",
      "resolved": "http://39.106.145.141:9000/repository/node-public/string-hash/-/string-hash-1.1.3.tgz",
      "integrity": "sha1-6Kr8CsGFW0Zmkp7X3RJ1311sgRs=",
      "dev": true,
      "license": "CC0-1.0"
    },
    "node_modules/to-fast-properties": {
      "version": "2.0.0",
      "resolved": "http://39.106.145.141:9000/repository/node-public/to-fast-properties/-/to-fast-properties-2.0.0.tgz",
      "integrity": "sha1-3F5pjL0HkmW8c+A3doGk5Og/YW4=",
      "license": "MIT",
      "engines": {
        "node": ">=4"
      }
    },
    "node_modules/to-regex-range": {
      "version": "5.0.1",
      "resolved": "http://39.106.145.141:9000/repository/node-public/to-regex-range/-/to-regex-range-5.0.1.tgz",
      "integrity": "sha1-FkjESq58jZiKMmAY7XL1tN0DkuQ=",
      "dev": true,
      "license": "MIT",
      "dependencies": {
        "is-number": "^7.0.0"
      },
      "engines": {
        "node": ">=8.0"
      }
    },
    "node_modules/util-deprecate": {
      "version": "1.0.2",
      "resolved": "http://39.106.145.141:9000/repository/node-public/util-deprecate/-/util-deprecate-1.0.2.tgz",
      "integrity": "sha1-RQ1Nyfpw3nMnYvvS1KKJgUGaDM8=",
      "dev": true,
      "license": "MIT"
    },
    "node_modules/vite": {
      "version": "2.3.6",
      "resolved": "http://39.106.145.141:9000/repository/node-public/vite/-/vite-2.3.6.tgz",
      "integrity": "sha1-H3z96IpRqALWkADHushdSBwuhxw=",
      "dev": true,
      "license": "MIT",
      "dependencies": {
        "esbuild": "^0.12.5",
        "postcss": "^8.2.10",
        "resolve": "^1.19.0",
        "rollup": "^2.38.5"
      },
      "bin": {
        "vite": "bin/vite.js"
      },
      "engines": {
        "node": ">=12.0.0"
      },
      "optionalDependencies": {
        "fsevents": "~2.3.1"
      }
    },
    "node_modules/vue": {
      "version": "3.0.11",
      "resolved": "http://39.106.145.141:9000/repository/node-public/vue/-/vue-3.0.11.tgz",
      "integrity": "sha1-yC+VlMv03MhpJB1MjdPgjZqPS18=",
      "license": "MIT",
      "dependencies": {
        "@vue/compiler-dom": "3.0.11",
        "@vue/runtime-dom": "3.0.11",
        "@vue/shared": "3.0.11"
      }
    },
    "node_modules/yallist": {
      "version": "3.1.1",
      "resolved": "http://39.106.145.141:9000/repository/node-public/yallist/-/yallist-3.1.1.tgz",
      "integrity": "sha1-27fa+b/YusmrRev2ArjLrQ1dCP0=",
      "dev": true,
      "license": "ISC"
    }
  },
  "dependencies": {
    "@babel/helper-validator-identifier": {
      "version": "7.14.0",
      "resolved": "http://39.106.145.141:9000/repository/node-public/@babel/helper-validator-identifier/-/helper-validator-identifier-7.14.0.tgz",
      "integrity": "sha1-0mytikfGUoaxXfFUcxml0Lzycog="
    },
    "@babel/parser": {
      "version": "7.14.4",
      "resolved": "http://39.106.145.141:9000/repository/node-public/@babel/parser/-/parser-7.14.4.tgz",
      "integrity": "sha1-pcVg1tts2ObtNCNo3qgDkjLLqxg="
    },
    "@babel/types": {
      "version": "7.14.4",
      "resolved": "http://39.106.145.141:9000/repository/node-public/@babel/types/-/types-7.14.4.tgz",
      "integrity": "sha1-v9aYAQgWhZOziz60iiSqAmuRm8A=",
      "requires": {
        "@babel/helper-validator-identifier": "^7.14.0",
        "to-fast-properties": "^2.0.0"
      }
    },
    "@vitejs/plugin-vue": {
      "version": "1.2.3",
      "resolved": "http://39.106.145.141:9000/repository/node-public/@vitejs/plugin-vue/-/plugin-vue-1.2.3.tgz",
      "integrity": "sha1-Lo4AixzDpq0d++x1dDx//ZtIcqY=",
      "dev": true,
      "requires": {}
    },
    "@vue/compiler-core": {
      "version": "3.0.11",
      "resolved": "http://39.106.145.141:9000/repository/node-public/@vue/compiler-core/-/compiler-core-3.0.11.tgz",
      "integrity": "sha1-XvV55G17M2uHNSKHWNHCxQWq5po=",
      "requires": {
        "@babel/parser": "^7.12.0",
        "@babel/types": "^7.12.0",
        "@vue/shared": "3.0.11",
        "estree-walker": "^2.0.1",
        "source-map": "^0.6.1"
      }
    },
    "@vue/compiler-dom": {
      "version": "3.0.11",
      "resolved": "http://39.106.145.141:9000/repository/node-public/@vue/compiler-dom/-/compiler-dom-3.0.11.tgz",
      "integrity": "sha1-sV/ByQk3H9ZxdGAgulW12rSnMO4=",
      "requires": {
        "@vue/compiler-core": "3.0.11",
        "@vue/shared": "3.0.11"
      }
    },
    "@vue/compiler-sfc": {
      "version": "3.0.11",
      "resolved": "http://39.106.145.141:9000/repository/node-public/@vue/compiler-sfc/-/compiler-sfc-3.0.11.tgz",
      "integrity": "sha1-zYyiFUuIlntSH1rTsQ9fi2tmVnk=",
      "dev": true,
      "requires": {
        "@babel/parser": "^7.13.9",
        "@babel/types": "^7.13.0",
        "@vue/compiler-core": "3.0.11",
        "@vue/compiler-dom": "3.0.11",
        "@vue/compiler-ssr": "3.0.11",
        "@vue/shared": "3.0.11",
        "consolidate": "^0.16.0",
        "estree-walker": "^2.0.1",
        "hash-sum": "^2.0.0",
        "lru-cache": "^5.1.1",
        "magic-string": "^0.25.7",
        "merge-source-map": "^1.1.0",
        "postcss": "^8.1.10",
        "postcss-modules": "^4.0.0",
        "postcss-selector-parser": "^6.0.4",
        "source-map": "^0.6.1"
      }
    },
    "@vue/compiler-ssr": {
      "version": "3.0.11",
      "resolved": "http://39.106.145.141:9000/repository/node-public/@vue/compiler-ssr/-/compiler-ssr-3.0.11.tgz",
      "integrity": "sha1-rFoF/RJXQS+mYHnII9ggO2qImhM=",
      "dev": true,
      "requires": {
        "@vue/compiler-dom": "3.0.11",
        "@vue/shared": "3.0.11"
      }
    },
    "@vue/reactivity": {
      "version": "3.0.11",
      "resolved": "http://39.106.145.141:9000/repository/node-public/@vue/reactivity/-/reactivity-3.0.11.tgz",
      "integrity": "sha1-B7WINJ/QViaxfzUAy+99S9tNvQs=",
      "requires": {
        "@vue/shared": "3.0.11"
      }
    },
    "@vue/runtime-core": {
      "version": "3.0.11",
      "resolved": "http://39.106.145.141:9000/repository/node-public/@vue/runtime-core/-/runtime-core-3.0.11.tgz",
      "integrity": "sha1-xS38as8yFUk2I1UsHCkZCAxWLkQ=",
      "requires": {
        "@vue/reactivity": "3.0.11",
        "@vue/shared": "3.0.11"
      }
    },
    "@vue/runtime-dom": {
      "version": "3.0.11",
      "resolved": "http://39.106.145.141:9000/repository/node-public/@vue/runtime-dom/-/runtime-dom-3.0.11.tgz",
      "integrity": "sha1-elUt8hkHlCch/raWHEGOIippkzc=",
      "requires": {
        "@vue/runtime-core": "3.0.11",
        "@vue/shared": "3.0.11",
        "csstype": "^2.6.8"
      }
    },
    "@vue/shared": {
      "version": "3.0.11",
      "resolved": "http://39.106.145.141:9000/repository/node-public/@vue/shared/-/shared-3.0.11.tgz",
      "integrity": "sha1-INIt0Np9NYuyHBf5vehigVJkLHc="
    },
    "anymatch": {
      "version": "3.1.2",
      "resolved": "http://39.106.145.141:9000/repository/node-public/anymatch/-/anymatch-3.1.2.tgz",
      "integrity": "sha1-wFV8CWrzLxBhmPT04qODU343hxY=",
      "dev": true,
      "requires": {
        "normalize-path": "^3.0.0",
        "picomatch": "^2.0.4"
      }
    },
    "big.js": {
      "version": "5.2.2",
      "resolved": "http://39.106.145.141:9000/repository/node-public/big.js/-/big.js-5.2.2.tgz",
      "integrity": "sha1-ZfCvOC9Xi83HQr2cKB6cstd2gyg=",
      "dev": true
    },
    "binary-extensions": {
      "version": "2.2.0",
      "resolved": "http://39.106.145.141:9000/repository/node-public/binary-extensions/-/binary-extensions-2.2.0.tgz",
      "integrity": "sha1-dfUC7q+f/eQvyYgpZFvk6na9ni0=",
      "dev": true
    },
    "bluebird": {
      "version": "3.7.2",
      "resolved": "http://39.106.145.141:9000/repository/node-public/bluebird/-/bluebird-3.7.2.tgz",
      "integrity": "sha1-nyKcFb4nJFT/qXOs4NvueaGww28=",
      "dev": true
    },
    "braces": {
      "version": "3.0.2",
      "resolved": "http://39.106.145.141:9000/repository/node-public/braces/-/braces-3.0.2.tgz",
      "integrity": "sha1-NFThpGLujVmeI23zNs2epPiv4Qc=",
      "dev": true,
      "requires": {
        "fill-range": "^7.0.1"
      }
    },
    "chokidar": {
      "version": "3.5.1",
      "resolved": "http://39.106.145.141:9000/repository/node-public/chokidar/-/chokidar-3.5.1.tgz",
      "integrity": "sha1-7pznu+vSt59J8wR5nVRo4x4U5oo=",
      "dev": true,
      "requires": {
        "anymatch": "~3.1.1",
        "braces": "~3.0.2",
        "fsevents": "~2.3.1",
        "glob-parent": "~5.1.0",
        "is-binary-path": "~2.1.0",
        "is-glob": "~4.0.1",
        "normalize-path": "~3.0.0",
        "readdirp": "~3.5.0"
      }
    },
    "colorette": {
      "version": "1.2.2",
      "resolved": "http://39.106.145.141:9000/repository/node-public/colorette/-/colorette-1.2.2.tgz",
      "integrity": "sha1-y8x51emcrqLb8Q6zom/Ys+as+pQ=",
      "dev": true
    },
    "consolidate": {
      "version": "0.16.0",
      "resolved": "http://39.106.145.141:9000/repository/node-public/consolidate/-/consolidate-0.16.0.tgz",
      "integrity": "sha1-oRhkdokw8vGUMWYKZZBmaPX73BY=",
      "dev": true,
      "requires": {
        "bluebird": "^3.7.2"
      }
    },
    "cssesc": {
      "version": "3.0.0",
      "resolved": "http://39.106.145.141:9000/repository/node-public/cssesc/-/cssesc-3.0.0.tgz",
      "integrity": "sha1-N3QZGZA7hoVl4cCep0dEXNGJg+4=",
      "dev": true
    },
    "csstype": {
      "version": "2.6.17",
      "resolved": "http://39.106.145.141:9000/repository/node-public/csstype/-/csstype-2.6.17.tgz",
      "integrity": "sha1-TPMOuH4dGgBdi2UQ+VKSQT9qHA4="
    },
    "emojis-list": {
      "version": "3.0.0",
      "resolved": "http://39.106.145.141:9000/repository/node-public/emojis-list/-/emojis-list-3.0.0.tgz",
      "integrity": "sha1-VXBmIEatKeLpFucariYKvf9Pang=",
      "dev": true
    },
    "esbuild": {
      "version": "0.12.6",
      "resolved": "http://39.106.145.141:9000/repository/node-public/esbuild/-/esbuild-0.12.6.tgz",
      "integrity": "sha1-hbx1XHzzAF1PNLTxD5gEnODuZ84=",
      "dev": true
    },
    "estree-walker": {
      "version": "2.0.2",
      "resolved": "http://39.106.145.141:9000/repository/node-public/estree-walker/-/estree-walker-2.0.2.tgz",
      "integrity": "sha1-UvAQF4wqTBF6d1fP6UKtt9LaTKw="
    },
    "fill-range": {
      "version": "7.0.1",
      "resolved": "http://39.106.145.141:9000/repository/node-public/fill-range/-/fill-range-7.0.1.tgz",
      "integrity": "sha1-GRmmp8df44ssfHflGYU12prN2kA=",
      "dev": true,
      "requires": {
        "to-regex-range": "^5.0.1"
      }
    },
    "fsevents": {
      "version": "2.3.2",
      "resolved": "http://39.106.145.141:9000/repository/node-public/fsevents/-/fsevents-2.3.2.tgz",
      "integrity": "sha1-ilJveLj99GI7cJ4Ll1xSwkwC/Ro=",
      "dev": true,
      "optional": true
    },
    "function-bind": {
      "version": "1.1.1",
      "resolved": "http://39.106.145.141:9000/repository/node-public/function-bind/-/function-bind-1.1.1.tgz",
      "integrity": "sha1-pWiZ0+o8m6uHS7l3O3xe3pL0iV0=",
      "dev": true
    },
    "generic-names": {
      "version": "2.0.1",
      "resolved": "http://39.106.145.141:9000/repository/node-public/generic-names/-/generic-names-2.0.1.tgz",
      "integrity": "sha1-+KN46tLMqno08DF7BVVIMq5BuHI=",
      "dev": true,
      "requires": {
        "loader-utils": "^1.1.0"
      }
    },
    "glob-parent": {
      "version": "5.1.2",
      "resolved": "http://39.106.145.141:9000/repository/node-public/glob-parent/-/glob-parent-5.1.2.tgz",
      "integrity": "sha1-hpgyxYA0/mikCTwX3BXoNA2EAcQ=",
      "dev": true,
      "requires": {
        "is-glob": "^4.0.1"
      }
    },
    "has": {
      "version": "1.0.3",
      "resolved": "http://39.106.145.141:9000/repository/node-public/has/-/has-1.0.3.tgz",
      "integrity": "sha1-ci18v8H2qoJB8W3YFOAR4fQeh5Y=",
      "dev": true,
      "requires": {
        "function-bind": "^1.1.1"
      }
    },
    "hash-sum": {
      "version": "2.0.0",
      "resolved": "http://39.106.145.141:9000/repository/node-public/hash-sum/-/hash-sum-2.0.0.tgz",
      "integrity": "sha1-gdAbtd6OpKIUrV1urRtSNGCwtFo=",
      "dev": true
    },
    "icss-replace-symbols": {
      "version": "1.1.0",
      "resolved": "http://39.106.145.141:9000/repository/node-public/icss-replace-symbols/-/icss-replace-symbols-1.1.0.tgz",
      "integrity": "sha1-Bupvg2ead0njhs/h/oEq5dsiPe0=",
      "dev": true
    },
    "icss-utils": {
      "version": "5.1.0",
      "resolved": "http://39.106.145.141:9000/repository/node-public/icss-utils/-/icss-utils-5.1.0.tgz",
      "integrity": "sha1-xr5oWKvQE9do6YNmrkfiXViHsa4=",
      "dev": true,
      "requires": {}
    },
    "is-binary-path": {
      "version": "2.1.0",
      "resolved": "http://39.106.145.141:9000/repository/node-public/is-binary-path/-/is-binary-path-2.1.0.tgz",
      "integrity": "sha1-6h9/O4DwZCNug0cPhsCcJU+0Wwk=",
      "dev": true,
      "requires": {
        "binary-extensions": "^2.0.0"
      }
    },
    "is-core-module": {
      "version": "2.4.0",
      "resolved": "http://39.106.145.141:9000/repository/node-public/is-core-module/-/is-core-module-2.4.0.tgz",
      "integrity": "sha1-jp/I4VAnsBFBgCbpjw5vTYYwXME=",
      "dev": true,
      "requires": {
        "has": "^1.0.3"
      }
    },
    "is-extglob": {
      "version": "2.1.1",
      "resolved": "http://39.106.145.141:9000/repository/node-public/is-extglob/-/is-extglob-2.1.1.tgz",
      "integrity": "sha1-qIwCU1eR8C7TfHahueqXc8gz+MI=",
      "dev": true
    },
    "is-glob": {
      "version": "4.0.1",
      "resolved": "http://39.106.145.141:9000/repository/node-public/is-glob/-/is-glob-4.0.1.tgz",
      "integrity": "sha1-dWfb6fL14kZ7x3q4PEopSCQHpdw=",
      "dev": true,
      "requires": {
        "is-extglob": "^2.1.1"
      }
    },
    "is-number": {
      "version": "7.0.0",
      "resolved": "http://39.106.145.141:9000/repository/node-public/is-number/-/is-number-7.0.0.tgz",
      "integrity": "sha1-dTU0W4lnNNX4DE0GxQlVUnoU8Ss=",
      "dev": true
    },
    "json5": {
      "version": "1.0.1",
      "resolved": "http://39.106.145.141:9000/repository/node-public/json5/-/json5-1.0.1.tgz",
      "integrity": "sha1-d5+wAYYE+oVOrL9iUhgNg1Q+Pb4=",
      "dev": true,
      "requires": {
        "minimist": "^1.2.0"
      }
    },
    "loader-utils": {
      "version": "1.4.0",
      "resolved": "http://39.106.145.141:9000/repository/node-public/loader-utils/-/loader-utils-1.4.0.tgz",
      "integrity": "sha1-xXm140yzSxp07cbB+za/o3HVphM=",
      "dev": true,
      "requires": {
        "big.js": "^5.2.2",
        "emojis-list": "^3.0.0",
        "json5": "^1.0.1"
      }
    },
    "lodash.camelcase": {
      "version": "4.3.0",
      "resolved": "http://39.106.145.141:9000/repository/node-public/lodash.camelcase/-/lodash.camelcase-4.3.0.tgz",
      "integrity": "sha1-soqmKIorn8ZRA1x3EfZathkDMaY=",
      "dev": true
    },
    "lru-cache": {
      "version": "5.1.1",
      "resolved": "http://39.106.145.141:9000/repository/node-public/lru-cache/-/lru-cache-5.1.1.tgz",
      "integrity": "sha1-HaJ+ZxAnGUdpXa9oSOhH8B2EuSA=",
      "dev": true,
      "requires": {
        "yallist": "^3.0.2"
      }
    },
    "magic-string": {
      "version": "0.25.7",
      "resolved": "http://39.106.145.141:9000/repository/node-public/magic-string/-/magic-string-0.25.7.tgz",
      "integrity": "sha1-P0l9b9NMZpxnmNy4IfLvMfVEUFE=",
      "dev": true,
      "requires": {
        "sourcemap-codec": "^1.4.4"
      }
    },
    "merge-source-map": {
      "version": "1.1.0",
      "resolved": "http://39.106.145.141:9000/repository/node-public/merge-source-map/-/merge-source-map-1.1.0.tgz",
      "integrity": "sha1-L93n5gIJOfcJBqaPLXrmheTIxkY=",
      "dev": true,
      "requires": {
        "source-map": "^0.6.1"
      }
    },
    "minimist": {
      "version": "1.2.5",
      "resolved": "http://39.106.145.141:9000/repository/node-public/minimist/-/minimist-1.2.5.tgz",
      "integrity": "sha1-Z9ZgFLZqaoqqDAg8X9WN9OTpdgI=",
      "dev": true
    },
    "nanoid": {
      "version": "3.1.23",
      "resolved": "http://39.106.145.141:9000/repository/node-public/nanoid/-/nanoid-3.1.23.tgz",
      "integrity": "sha1-90QIbOfCvEfuCoRyV01ceOQYOoE=",
      "dev": true
    },
    "normalize-path": {
      "version": "3.0.0",
      "resolved": "http://39.106.145.141:9000/repository/node-public/normalize-path/-/normalize-path-3.0.0.tgz",
      "integrity": "sha1-Dc1p/yOhybEf0JeDFmRKA4ghamU=",
      "dev": true
    },
    "path-parse": {
      "version": "1.0.7",
      "resolved": "http://39.106.145.141:9000/repository/node-public/path-parse/-/path-parse-1.0.7.tgz",
      "integrity": "sha1-+8EUtgykKzDZ2vWFjkvWi77bZzU=",
      "dev": true
    },
    "picomatch": {
      "version": "2.3.0",
      "resolved": "http://39.106.145.141:9000/repository/node-public/picomatch/-/picomatch-2.3.0.tgz",
      "integrity": "sha1-8fBh3o9qS/AiiS4tEoI0+5gwKXI=",
      "dev": true
    },
    "postcss": {
      "version": "8.3.0",
      "resolved": "http://39.106.145.141:9000/repository/node-public/postcss/-/postcss-8.3.0.tgz",
      "integrity": "sha1-sacT9hcspCfj8F7xMD3otlaDMl8=",
      "dev": true,
      "requires": {
        "colorette": "^1.2.2",
        "nanoid": "^3.1.23",
        "source-map-js": "^0.6.2"
      }
    },
    "postcss-modules": {
      "version": "4.1.3",
      "resolved": "http://39.106.145.141:9000/repository/node-public/postcss-modules/-/postcss-modules-4.1.3.tgz",
      "integrity": "sha1-xMTEHZjZfSTHDojaz8l69aSz4h0=",
      "dev": true,
      "requires": {
        "generic-names": "^2.0.1",
        "icss-replace-symbols": "^1.1.0",
        "lodash.camelcase": "^4.3.0",
        "postcss-modules-extract-imports": "^3.0.0",
        "postcss-modules-local-by-default": "^4.0.0",
        "postcss-modules-scope": "^3.0.0",
        "postcss-modules-values": "^4.0.0",
        "string-hash": "^1.1.1"
      }
    },
    "postcss-modules-extract-imports": {
      "version": "3.0.0",
      "resolved": "http://39.106.145.141:9000/repository/node-public/postcss-modules-extract-imports/-/postcss-modules-extract-imports-3.0.0.tgz",
      "integrity": "sha1-zaHwR8CugMl9vijD52pDuIAldB0=",
      "dev": true,
      "requires": {}
    },
    "postcss-modules-local-by-default": {
      "version": "4.0.0",
      "resolved": "http://39.106.145.141:9000/repository/node-public/postcss-modules-local-by-default/-/postcss-modules-local-by-default-4.0.0.tgz",
      "integrity": "sha1-67tU+uFZjuz99pGgKz/zs5ClpRw=",
      "dev": true,
      "requires": {
        "icss-utils": "^5.0.0",
        "postcss-selector-parser": "^6.0.2",
        "postcss-value-parser": "^4.1.0"
      }
    },
    "postcss-modules-scope": {
      "version": "3.0.0",
      "resolved": "http://39.106.145.141:9000/repository/node-public/postcss-modules-scope/-/postcss-modules-scope-3.0.0.tgz",
      "integrity": "sha1-nvMVFFbTu/oSDKRImN/Kby+gHwY=",
      "dev": true,
      "requires": {
        "postcss-selector-parser": "^6.0.4"
      }
    },
    "postcss-modules-values": {
      "version": "4.0.0",
      "resolved": "http://39.106.145.141:9000/repository/node-public/postcss-modules-values/-/postcss-modules-values-4.0.0.tgz",
      "integrity": "sha1-18Xn5ow7s8myfL9Iyguz/7RgLJw=",
      "dev": true,
      "requires": {
        "icss-utils": "^5.0.0"
      }
    },
    "postcss-selector-parser": {
      "version": "6.0.6",
      "resolved": "http://39.106.145.141:9000/repository/node-public/postcss-selector-parser/-/postcss-selector-parser-6.0.6.tgz",
      "integrity": "sha1-LFu6gXSsL2mBq2MaQqsO5UrzMuo=",
      "dev": true,
      "requires": {
        "cssesc": "^3.0.0",
        "util-deprecate": "^1.0.2"
      }
    },
    "postcss-value-parser": {
      "version": "4.1.0",
      "resolved": "http://39.106.145.141:9000/repository/node-public/postcss-value-parser/-/postcss-value-parser-4.1.0.tgz",
      "integrity": "sha1-RD9qIM7WSBor2k+oUypuVdeJoss=",
      "dev": true
    },
    "readdirp": {
      "version": "3.5.0",
      "resolved": "http://39.106.145.141:9000/repository/node-public/readdirp/-/readdirp-3.5.0.tgz",
      "integrity": "sha1-m6dMAZsV02UnjS6Ru4xI17TULJ4=",
      "dev": true,
      "requires": {
        "picomatch": "^2.2.1"
      }
    },
    "resolve": {
      "version": "1.20.0",
      "resolved": "http://39.106.145.141:9000/repository/node-public/resolve/-/resolve-1.20.0.tgz",
      "integrity": "sha1-YpoBP7P3B1XW8LeTXMHCxTeLGXU=",
      "dev": true,
      "requires": {
        "is-core-module": "^2.2.0",
        "path-parse": "^1.0.6"
      }
    },
    "rollup": {
      "version": "2.51.0",
      "resolved": "http://39.106.145.141:9000/repository/node-public/rollup/-/rollup-2.51.0.tgz",
      "integrity": "sha1-/9hHiCKDmY/IYRzVevkX8XO0q1w=",
      "dev": true,
      "requires": {
        "fsevents": "~2.3.1"
      }
    },
    "sass": {
      "version": "1.34.1",
      "resolved": "http://39.106.145.141:9000/repository/node-public/sass/-/sass-1.34.1.tgz",
      "integrity": "sha1-MPRcYGxIPUe2NPHnNx4T/3c8lu8=",
      "dev": true,
      "requires": {
        "chokidar": ">=3.0.0 <4.0.0"
      }
    },
    "source-map": {
      "version": "0.6.1",
      "resolved": "http://39.106.145.141:9000/repository/node-public/source-map/-/source-map-0.6.1.tgz",
      "integrity": "sha1-dHIq8y6WFOnCh6jQu95IteLxomM="
    },
    "source-map-js": {
      "version": "0.6.2",
      "resolved": "http://39.106.145.141:9000/repository/node-public/source-map-js/-/source-map-js-0.6.2.tgz",
      "integrity": "sha1-C7XeYxtBz72mz7qL0FqA79/SOF4=",
      "dev": true
    },
    "sourcemap-codec": {
      "version": "1.4.8",
      "resolved": "http://39.106.145.141:9000/repository/node-public/sourcemap-codec/-/sourcemap-codec-1.4.8.tgz",
      "integrity": "sha1-6oBL2UhXQC5pktBaOO8a41qatMQ=",
      "dev": true
    },
    "string-hash": {
      "version": "1.1.3",
      "resolved": "http://39.106.145.141:9000/repository/node-public/string-hash/-/string-hash-1.1.3.tgz",
      "integrity": "sha1-6Kr8CsGFW0Zmkp7X3RJ1311sgRs=",
      "dev": true
    },
    "to-fast-properties": {
      "version": "2.0.0",
      "resolved": "http://39.106.145.141:9000/repository/node-public/to-fast-properties/-/to-fast-properties-2.0.0.tgz",
      "integrity": "sha1-3F5pjL0HkmW8c+A3doGk5Og/YW4="
    },
    "to-regex-range": {
      "version": "5.0.1",
      "resolved": "http://39.106.145.141:9000/repository/node-public/to-regex-range/-/to-regex-range-5.0.1.tgz",
      "integrity": "sha1-FkjESq58jZiKMmAY7XL1tN0DkuQ=",
      "dev": true,
      "requires": {
        "is-number": "^7.0.0"
      }
    },
    "util-deprecate": {
      "version": "1.0.2",
      "resolved": "http://39.106.145.141:9000/repository/node-public/util-deprecate/-/util-deprecate-1.0.2.tgz",
      "integrity": "sha1-RQ1Nyfpw3nMnYvvS1KKJgUGaDM8=",
      "dev": true
    },
    "vite": {
      "version": "2.3.6",
      "resolved": "http://39.106.145.141:9000/repository/node-public/vite/-/vite-2.3.6.tgz",
      "integrity": "sha1-H3z96IpRqALWkADHushdSBwuhxw=",
      "dev": true,
      "requires": {
        "esbuild": "^0.12.5",
        "fsevents": "~2.3.1",
        "postcss": "^8.2.10",
        "resolve": "^1.19.0",
        "rollup": "^2.38.5"
      }
    },
    "vue": {
      "version": "3.0.11",
      "resolved": "http://39.106.145.141:9000/repository/node-public/vue/-/vue-3.0.11.tgz",
      "integrity": "sha1-yC+VlMv03MhpJB1MjdPgjZqPS18=",
      "requires": {
        "@vue/compiler-dom": "3.0.11",
        "@vue/runtime-dom": "3.0.11",
        "@vue/shared": "3.0.11"
      }
    },
    "yallist": {
      "version": "3.1.1",
      "resolved": "http://39.106.145.141:9000/repository/node-public/yallist/-/yallist-3.1.1.tgz",
      "integrity": "sha1-27fa+b/YusmrRev2ArjLrQ1dCP0=",
      "dev": true
    }
  }
}
